
Microsoft Visual Studio Solution File, Format Version 12.00
# Visual Studio Version 16
VisualStudioVersion = 16.0.29709.97
MinimumVisualStudioVersion = 10.0.40219.1
Project("{9A19103F-16F7-4668-BE54-9A1E7A4F7556}") = "Rossy", "src\Rossy\Rossy.csproj", "{D23DB7F6-1AC5-4E19-A979-68F68398C5F2}"
EndProject
Project("{9A19103F-16F7-4668-BE54-9A1E7A4F7556}") = "Rossy.Runner", "src\Rossy.Runner\Rossy.Runner.csproj", "{E7C0A448-0792-4BBE-BD0F-B4F228E0F015}"
EndProject
Project("{FAE04EC0-301F-11D3-BF4B-00C04F79EFBC}") = "Rossy.App.UWP", "src\Rossy.App\Rossy.App.UWP\Rossy.App.UWP.csproj", "{5C21B08F-017A-4312-8AF2-BCB2E19159BD}"
EndProject
Project("{FAE04EC0-301F-11D3-BF4B-00C04F79EFBC}") = "Rossy.App.Android", "src\Rossy.App\Rossy.App.Android\Rossy.App.Android.csproj", "{A683B2CA-0559-42BF-B908-A482EEDA6085}"
EndProject
Project("{FAE04EC0-301F-11D3-BF4B-00C04F79EFBC}") = "Rossy.App.iOS", "src\Rossy.App\Rossy.App.iOS\Rossy.App.iOS.csproj", "{A38F1C33-E342-4C0A-8119-52B00AF4C4EC}"
EndProject
Project("{FAE04EC0-301F-11D3-BF4B-00C04F79EFBC}") = "Rossy.App", "src\Rossy.App\Rossy.App\Rossy.App.csproj", "{BE5E7E2E-D6B8-4C22-980F-E4349AF5EC8C}"
EndProject
Global
	GlobalSection(SolutionConfigurationPlatforms) = preSolution
		Debug|Any CPU = Debug|Any CPU
		Debug|ARM = Debug|ARM
		Debug|ARM64 = Debug|ARM64
		Debug|iPhone = Debug|iPhone
		Debug|iPhoneSimulator = Debug|iPhoneSimulator
		Debug|x64 = Debug|x64
		Debug|x86 = Debug|x86
		Release|Any CPU = Release|Any CPU
		Release|ARM = Release|ARM
		Release|ARM64 = Release|ARM64
		Release|iPhone = Release|iPhone
		Release|iPhoneSimulator = Release|iPhoneSimulator
		Release|x64 = Release|x64
		Release|x86 = Release|x86
	EndGlobalSection
	GlobalSection(ProjectConfigurationPlatforms) = postSolution
		{D23DB7F6-1AC5-4E19-A979-68F68398C5F2}.Debug|Any CPU.ActiveCfg = Debug|Any CPU
		{D23DB7F6-1AC5-4E19-A979-68F68398C5F2}.Debug|Any CPU.Build.0 = Debug|Any CPU
		{D23DB7F6-1AC5-4E19-A979-68F68398C5F2}.Debug|ARM.ActiveCfg = Debug|Any CPU
		{D23DB7F6-1AC5-4E19-A979-68F68398C5F2}.Debug|ARM.Build.0 = Debug|Any CPU
		{D23DB7F6-1AC5-4E19-A979-68F68398C5F2}.Debug|ARM64.ActiveCfg = Debug|Any CPU
		{D23DB7F6-1AC5-4E19-A979-68F68398C5F2}.Debug|ARM64.Build.0 = Debug|Any CPU
		{D23DB7F6-1AC5-4E19-A979-68F68398C5F2}.Debug|iPhone.ActiveCfg = Debug|Any CPU
		{D23DB7F6-1AC5-4E19-A979-68F68398C5F2}.Debug|iPhone.Build.0 = Debug|Any CPU
		{D23DB7F6-1AC5-4E19-A979-68F68398C5F2}.Debug|iPhoneSimulator.ActiveCfg = Debug|Any CPU
		{D23DB7F6-1AC5-4E19-A979-68F68398C5F2}.Debug|iPhoneSimulator.Build.0 = Debug|Any CPU
		{D23DB7F6-1AC5-4E19-A979-68F68398C5F2}.Debug|x64.ActiveCfg = Debug|Any CPU
		{D23DB7F6-1AC5-4E19-A979-68F68398C5F2}.Debug|x64.Build.0 = Debug|Any CPU
		{D23DB7F6-1AC5-4E19-A979-68F68398C5F2}.Debug|x86.ActiveCfg = Debug|Any CPU
		{D23DB7F6-1AC5-4E19-A979-68F68398C5F2}.Debug|x86.Build.0 = Debug|Any CPU
		{D23DB7F6-1AC5-4E19-A979-68F68398C5F2}.Release|Any CPU.ActiveCfg = Release|Any CPU
		{D23DB7F6-1AC5-4E19-A979-68F68398C5F2}.Release|Any CPU.Build.0 = Release|Any CPU
		{D23DB7F6-1AC5-4E19-A979-68F68398C5F2}.Release|ARM.ActiveCfg = Release|Any CPU
		{D23DB7F6-1AC5-4E19-A979-68F68398C5F2}.Release|ARM.Build.0 = Release|Any CPU
		{D23DB7F6-1AC5-4E19-A979-68F68398C5F2}.Release|ARM64.ActiveCfg = Release|Any CPU
		{D23DB7F6-1AC5-4E19-A979-68F68398C5F2}.Release|ARM64.Build.0 = Release|Any CPU
		{D23DB7F6-1AC5-4E19-A979-68F68398C5F2}.Release|iPhone.ActiveCfg = Release|Any CPU
		{D23DB7F6-1AC5-4E19-A979-68F68398C5F2}.Release|iPhone.Build.0 = Release|Any CPU
		{D23DB7F6-1AC5-4E19-A979-68F68398C5F2}.Release|iPhoneSimulator.ActiveCfg = Release|Any CPU
		{D23DB7F6-1AC5-4E19-A979-68F68398C5F2}.Release|iPhoneSimulator.Build.0 = Release|Any CPU
		{D23DB7F6-1AC5-4E19-A979-68F68398C5F2}.Release|x64.ActiveCfg = Release|Any CPU
		{D23DB7F6-1AC5-4E19-A979-68F68398C5F2}.Release|x64.Build.0 = Release|Any CPU
		{D23DB7F6-1AC5-4E19-A979-68F68398C5F2}.Release|x86.ActiveCfg = Release|Any CPU
		{D23DB7F6-1AC5-4E19-A979-68F68398C5F2}.Release|x86.Build.0 = Release|Any CPU
		{E7C0A448-0792-4BBE-BD0F-B4F228E0F015}.Debug|Any CPU.ActiveCfg = Debug|Any CPU
		{E7C0A448-0792-4BBE-BD0F-B4F228E0F015}.Debug|Any CPU.Build.0 = Debug|Any CPU
		{E7C0A448-0792-4BBE-BD0F-B4F228E0F015}.Debug|ARM.ActiveCfg = Debug|Any CPU
		{E7C0A448-0792-4BBE-BD0F-B4F228E0F015}.Debug|ARM.Build.0 = Debug|Any CPU
		{E7C0A448-0792-4BBE-BD0F-B4F228E0F015}.Debug|ARM64.ActiveCfg = Debug|Any CPU
		{E7C0A448-0792-4BBE-BD0F-B4F228E0F015}.Debug|ARM64.Build.0 = Debug|Any CPU
		{E7C0A448-0792-4BBE-BD0F-B4F228E0F015}.Debug|iPhone.ActiveCfg = Debug|Any CPU
		{E7C0A448-0792-4BBE-BD0F-B4F228E0F015}.Debug|iPhone.Build.0 = Debug|Any CPU
		{E7C0A448-0792-4BBE-BD0F-B4F228E0F015}.Debug|iPhoneSimulator.ActiveCfg = Debug|Any CPU
		{E7C0A448-0792-4BBE-BD0F-B4F228E0F015}.Debug|iPhoneSimulator.Build.0 = Debug|Any CPU
		{E7C0A448-0792-4BBE-BD0F-B4F228E0F015}.Debug|x64.ActiveCfg = Debug|Any CPU
		{E7C0A448-0792-4BBE-BD0F-B4F228E0F015}.Debug|x64.Build.0 = Debug|Any CPU
		{E7C0A448-0792-4BBE-BD0F-B4F228E0F015}.Debug|x86.ActiveCfg = Debug|Any CPU
		{E7C0A448-0792-4BBE-BD0F-B4F228E0F015}.Debug|x86.Build.0 = Debug|Any CPU
		{E7C0A448-0792-4BBE-BD0F-B4F228E0F015}.Release|Any CPU.ActiveCfg = Release|Any CPU
		{E7C0A448-0792-4BBE-BD0F-B4F228E0F015}.Release|Any CPU.Build.0 = Release|Any CPU
		{E7C0A448-0792-4BBE-BD0F-B4F228E0F015}.Release|ARM.ActiveCfg = Release|Any CPU
		{E7C0A448-0792-4BBE-BD0F-B4F228E0F015}.Release|ARM.Build.0 = Release|Any CPU
		{E7C0A448-0792-4BBE-BD0F-B4F228E0F015}.Release|ARM64.ActiveCfg = Release|Any CPU
		{E7C0A448-0792-4BBE-BD0F-B4F228E0F015}.Release|ARM64.Build.0 = Release|Any CPU
		{E7C0A448-0792-4BBE-BD0F-B4F228E0F015}.Release|iPhone.ActiveCfg = Release|Any CPU
		{E7C0A448-0792-4BBE-BD0F-B4F228E0F015}.Release|iPhone.Build.0 = Release|Any CPU
		{E7C0A448-0792-4BBE-BD0F-B4F228E0F015}.Release|iPhoneSimulator.ActiveCfg = Release|Any CPU
		{E7C0A448-0792-4BBE-BD0F-B4F228E0F015}.Release|iPhoneSimulator.Build.0 = Release|Any CPU
		{E7C0A448-0792-4BBE-BD0F-B4F228E0F015}.Release|x64.ActiveCfg = Release|Any CPU
		{E7C0A448-0792-4BBE-BD0F-B4F228E0F015}.Release|x64.Build.0 = Release|Any CPU
		{E7C0A448-0792-4BBE-BD0F-B4F228E0F015}.Release|x86.ActiveCfg = Release|Any CPU
		{E7C0A448-0792-4BBE-BD0F-B4F228E0F015}.Release|x86.Build.0 = Release|Any CPU
		{5C21B08F-017A-4312-8AF2-BCB2E19159BD}.Debug|Any CPU.ActiveCfg = Debug|x86
		{5C21B08F-017A-4312-8AF2-BCB2E19159BD}.Debug|ARM.ActiveCfg = Debug|ARM
		{5C21B08F-017A-4312-8AF2-BCB2E19159BD}.Debug|ARM.Build.0 = Debug|ARM
		{5C21B08F-017A-4312-8AF2-BCB2E19159BD}.Debug|ARM.Deploy.0 = Debug|ARM
		{5C21B08F-017A-4312-8AF2-BCB2E19159BD}.Debug|ARM64.ActiveCfg = Debug|x86
		{5C21B08F-017A-4312-8AF2-BCB2E19159BD}.Debug|iPhone.ActiveCfg = Debug|x86
		{5C21B08F-017A-4312-8AF2-BCB2E19159BD}.Debug|iPhoneSimulator.ActiveCfg = Debug|x86
		{5C21B08F-017A-4312-8AF2-BCB2E19159BD}.Debug|x64.ActiveCfg = Debug|x64
		{5C21B08F-017A-4312-8AF2-BCB2E19159BD}.Debug|x64.Build.0 = Debug|x64
		{5C21B08F-017A-4312-8AF2-BCB2E19159BD}.Debug|x64.Deploy.0 = Debug|x64
		{5C21B08F-017A-4312-8AF2-BCB2E19159BD}.Debug|x86.ActiveCfg = Debug|x86
		{5C21B08F-017A-4312-8AF2-BCB2E19159BD}.Debug|x86.Build.0 = Debug|x86
		{5C21B08F-017A-4312-8AF2-BCB2E19159BD}.Debug|x86.Deploy.0 = Debug|x86
		{5C21B08F-017A-4312-8AF2-BCB2E19159BD}.Release|Any CPU.ActiveCfg = Release|x86
		{5C21B08F-017A-4312-8AF2-BCB2E19159BD}.Release|ARM.ActiveCfg = Release|ARM
		{5C21B08F-017A-4312-8AF2-BCB2E19159BD}.Release|ARM.Build.0 = Release|ARM
		{5C21B08F-017A-4312-8AF2-BCB2E19159BD}.Release|ARM.Deploy.0 = Release|ARM
		{5C21B08F-017A-4312-8AF2-BCB2E19159BD}.Release|ARM64.ActiveCfg = Release|x86
		{5C21B08F-017A-4312-8AF2-BCB2E19159BD}.Release|iPhone.ActiveCfg = Release|x86
		{5C21B08F-017A-4312-8AF2-BCB2E19159BD}.Release|iPhoneSimulator.ActiveCfg = Release|x86
		{5C21B08F-017A-4312-8AF2-BCB2E19159BD}.Release|x64.ActiveCfg = Release|x64
		{5C21B08F-017A-4312-8AF2-BCB2E19159BD}.Release|x64.Build.0 = Release|x64
		{5C21B08F-017A-4312-8AF2-BCB2E19159BD}.Release|x64.Deploy.0 = Release|x64
		{5C21B08F-017A-4312-8AF2-BCB2E19159BD}.Release|x86.ActiveCfg = Release|x86
		{5C21B08F-017A-4312-8AF2-BCB2E19159BD}.Release|x86.Build.0 = Release|x86
		{5C21B08F-017A-4312-8AF2-BCB2E19159BD}.Release|x86.Deploy.0 = Release|x86
		{A683B2CA-0559-42BF-B908-A482EEDA6085}.Debug|Any CPU.ActiveCfg = Debug|Any CPU
		{A683B2CA-0559-42BF-B908-A482EEDA6085}.Debug|Any CPU.Build.0 = Debug|Any CPU
		{A683B2CA-0559-42BF-B908-A482EEDA6085}.Debug|Any CPU.Deploy.0 = Debug|Any CPU
		{A683B2CA-0559-42BF-B908-A482EEDA6085}.Debug|ARM.ActiveCfg = Debug|Any CPU
		{A683B2CA-0559-42BF-B908-A482EEDA6085}.Debug|ARM.Build.0 = Debug|Any CPU
		{A683B2CA-0559-42BF-B908-A482EEDA6085}.Debug|ARM.Deploy.0 = Debug|Any CPU
		{A683B2CA-0559-42BF-B908-A482EEDA6085}.Debug|ARM64.ActiveCfg = Debug|Any CPU
		{A683B2CA-0559-42BF-B908-A482EEDA6085}.Debug|ARM64.Build.0 = Debug|Any CPU
		{A683B2CA-0559-42BF-B908-A482EEDA6085}.Debug|ARM64.Deploy.0 = Debug|Any CPU
		{A683B2CA-0559-42BF-B908-A482EEDA6085}.Debug|iPhone.ActiveCfg = Debug|Any CPU
		{A683B2CA-0559-42BF-B908-A482EEDA6085}.Debug|iPhone.Build.0 = Debug|Any CPU
		{A683B2CA-0559-42BF-B908-A482EEDA6085}.Debug|iPhone.Deploy.0 = Debug|Any CPU
		{A683B2CA-0559-42BF-B908-A482EEDA6085}.Debug|iPhoneSimulator.ActiveCfg = Debug|Any CPU
		{A683B2CA-0559-42BF-B908-A482EEDA6085}.Debug|iPhoneSimulator.Build.0 = Debug|Any CPU
		{A683B2CA-0559-42BF-B908-A482EEDA6085}.Debug|iPhoneSimulator.Deploy.0 = Debug|Any CPU
		{A683B2CA-0559-42BF-B908-A482EEDA6085}.Debug|x64.ActiveCfg = Debug|Any CPU
		{A683B2CA-0559-42BF-B908-A482EEDA6085}.Debug|x64.Build.0 = Debug|Any CPU
		{A683B2CA-0559-42BF-B908-A482EEDA6085}.Debug|x64.Deploy.0 = Debug|Any CPU
		{A683B2CA-0559-42BF-B908-A482EEDA6085}.Debug|x86.ActiveCfg = Debug|Any CPU
		{A683B2CA-0559-42BF-B908-A482EEDA6085}.Debug|x86.Build.0 = Debug|Any CPU
		{A683B2CA-0559-42BF-B908-A482EEDA6085}.Debug|x86.Deploy.0 = Debug|Any CPU
		{A683B2CA-0559-42BF-B908-A482EEDA6085}.Release|Any CPU.ActiveCfg = Release|Any CPU
		{A683B2CA-0559-42BF-B908-A482EEDA6085}.Release|Any CPU.Build.0 = Release|Any CPU
		{A683B2CA-0559-42BF-B908-A482EEDA6085}.Release|Any CPU.Deploy.0 = Release|Any CPU
		{A683B2CA-0559-42BF-B908-A482EEDA6085}.Release|ARM.ActiveCfg = Release|Any CPU
		{A683B2CA-0559-42BF-B908-A482EEDA6085}.Release|ARM.Build.0 = Release|Any CPU
		{A683B2CA-0559-42BF-B908-A482EEDA6085}.Release|ARM.Deploy.0 = Release|Any CPU
		{A683B2CA-0559-42BF-B908-A482EEDA6085}.Release|ARM64.ActiveCfg = Release|Any CPU
		{A683B2CA-0559-42BF-B908-A482EEDA6085}.Release|ARM64.Build.0 = Release|Any CPU
		{A683B2CA-0559-42BF-B908-A482EEDA6085}.Release|ARM64.Deploy.0 = Release|Any CPU
		{A683B2CA-0559-42BF-B908-A482EEDA6085}.Release|iPhone.ActiveCfg = Release|Any CPU
		{A683B2CA-0559-42BF-B908-A482EEDA6085}.Release|iPhone.Build.0 = Release|Any CPU
		{A683B2CA-0559-42BF-B908-A482EEDA6085}.Release|iPhone.Deploy.0 = Release|Any CPU
		{A683B2CA-0559-42BF-B908-A482EEDA6085}.Release|iPhoneSimulator.ActiveCfg = Release|Any CPU
		{A683B2CA-0559-42BF-B908-A482EEDA6085}.Release|iPhoneSimulator.Build.0 = Release|Any CPU
		{A683B2CA-0559-42BF-B908-A482EEDA6085}.Release|iPhoneSimulator.Deploy.0 = Release|Any CPU
		{A683B2CA-0559-42BF-B908-A482EEDA6085}.Release|x64.ActiveCfg = Release|Any CPU
		{A683B2CA-0559-42BF-B908-A482EEDA6085}.Release|x64.Build.0 = Release|Any CPU
		{A683B2CA-0559-42BF-B908-A482EEDA6085}.Release|x64.Deploy.0 = Release|Any CPU
		{A683B2CA-0559-42BF-B908-A482EEDA6085}.Release|x86.ActiveCfg = Release|Any CPU
		{A683B2CA-0559-42BF-B908-A482EEDA6085}.Release|x86.Build.0 = Release|Any CPU
		{A683B2CA-0559-42BF-B908-A482EEDA6085}.Release|x86.Deploy.0 = Release|Any CPU
		{A38F1C33-E342-4C0A-8119-52B00AF4C4EC}.Debug|Any CPU.ActiveCfg = Debug|iPhone
		{A38F1C33-E342-4C0A-8119-52B00AF4C4EC}.Debug|ARM.ActiveCfg = Debug|iPhone
		{A38F1C33-E342-4C0A-8119-52B00AF4C4EC}.Debug|ARM64.ActiveCfg = Debug|iPhone
		{A38F1C33-E342-4C0A-8119-52B00AF4C4EC}.Debug|iPhone.ActiveCfg = Debug|iPhone
		{A38F1C33-E342-4C0A-8119-52B00AF4C4EC}.Debug|iPhone.Build.0 = Debug|iPhone
		{A38F1C33-E342-4C0A-8119-52B00AF4C4EC}.Debug|iPhoneSimulator.ActiveCfg = Debug|iPhoneSimulator
		{A38F1C33-E342-4C0A-8119-52B00AF4C4EC}.Debug|iPhoneSimulator.Build.0 = Debug|iPhoneSimulator
		{A38F1C33-E342-4C0A-8119-52B00AF4C4EC}.Debug|x64.ActiveCfg = Debug|iPhone
		{A38F1C33-E342-4C0A-8119-52B00AF4C4EC}.Debug|x86.ActiveCfg = Debug|iPhone
		{A38F1C33-E342-4C0A-8119-52B00AF4C4EC}.Release|Any CPU.ActiveCfg = Release|iPhone
		{A38F1C33-E342-4C0A-8119-52B00AF4C4EC}.Release|ARM.ActiveCfg = Release|iPhone
		{A38F1C33-E342-4C0A-8119-52B00AF4C4EC}.Release|ARM64.ActiveCfg = Release|iPhone
		{A38F1C33-E342-4C0A-8119-52B00AF4C4EC}.Release|iPhone.ActiveCfg = Release|iPhone
		{A38F1C33-E342-4C0A-8119-52B00AF4C4EC}.Release|iPhone.Build.0 = Release|iPhone
		{A38F1C33-E342-4C0A-8119-52B00AF4C4EC}.Release|iPhoneSimulator.ActiveCfg = Release|iPhoneSimulator
		{A38F1C33-E342-4C0A-8119-52B00AF4C4EC}.Release|iPhoneSimulator.Build.0 = Release|iPhoneSimulator
		{A38F1C33-E342-4C0A-8119-52B00AF4C4EC}.Release|x64.ActiveCfg = Release|iPhone
		{A38F1C33-E342-4C0A-8119-52B00AF4C4EC}.Release|x86.ActiveCfg = Release|iPhone
		{BE5E7E2E-D6B8-4C22-980F-E4349AF5EC8C}.Debug|Any CPU.ActiveCfg = Debug|Any CPU
		{BE5E7E2E-D6B8-4C22-980F-E4349AF5EC8C}.Debug|Any CPU.Build.0 = Debug|Any CPU
		{BE5E7E2E-D6B8-4C22-980F-E4349AF5EC8C}.Debug|ARM.ActiveCfg = Debug|Any CPU
		{BE5E7E2E-D6B8-4C22-980F-E4349AF5EC8C}.Debug|ARM.Build.0 = Debug|Any CPU
		{BE5E7E2E-D6B8-4C22-980F-E4349AF5EC8C}.Debug|ARM64.ActiveCfg = Debug|Any CPU
		{BE5E7E2E-D6B8-4C22-980F-E4349AF5EC8C}.Debug|ARM64.Build.0 = Debug|Any CPU
		{BE5E7E2E-D6B8-4C22-980F-E4349AF5EC8C}.Debug|iPhone.ActiveCfg = Debug|Any CPU
		{BE5E7E2E-D6B8-4C22-980F-E4349AF5EC8C}.Debug|iPhone.Build.0 = Debug|Any CPU
		{BE5E7E2E-D6B8-4C22-980F-E4349AF5EC8C}.Debug|iPhoneSimulator.ActiveCfg = Debug|Any CPU
		{BE5E7E2E-D6B8-4C22-980F-E4349AF5EC8C}.Debug|iPhoneSimulator.Build.0 = Debug|Any CPU
		{BE5E7E2E-D6B8-4C22-980F-E4349AF5EC8C}.Debug|x64.ActiveCfg = Debug|Any CPU
		{BE5E7E2E-D6B8-4C22-980F-E4349AF5EC8C}.Debug|x64.Build.0 = Debug|Any CPU
		{BE5E7E2E-D6B8-4C22-980F-E4349AF5EC8C}.Debug|x86.ActiveCfg = Debug|Any CPU
		{BE5E7E2E-D6B8-4C22-980F-E4349AF5EC8C}.Debug|x86.Build.0 = Debug|Any CPU
		{BE5E7E2E-D6B8-4C22-980F-E4349AF5EC8C}.Release|Any CPU.ActiveCfg = Release|Any CPU
		{BE5E7E2E-D6B8-4C22-980F-E4349AF5EC8C}.Release|Any CPU.Build.0 = Release|Any CPU
		{BE5E7E2E-D6B8-4C22-980F-E4349AF5EC8C}.Release|ARM.ActiveCfg = Release|Any CPU
		{BE5E7E2E-D6B8-4C22-980F-E4349AF5EC8C}.Release|ARM.Build.0 = Release|Any CPU
		{BE5E7E2E-D6B8-4C22-980F-E4349AF5EC8C}.Release|ARM64.ActiveCfg = Release|Any CPU
		{BE5E7E2E-D6B8-4C22-980F-E4349AF5EC8C}.Release|ARM64.Build.0 = Release|Any CPU
		{BE5E7E2E-D6B8-4C22-980F-E4349AF5EC8C}.Release|iPhone.ActiveCfg = Release|Any CPU
		{BE5E7E2E-D6B8-4C22-980F-E4349AF5EC8C}.Release|iPhone.Build.0 = Release|Any CPU
		{BE5E7E2E-D6B8-4C22-980F-E4349AF5EC8C}.Release|iPhoneSimulator.ActiveCfg = Release|Any CPU
		{BE5E7E2E-D6B8-4C22-980F-E4349AF5EC8C}.Release|iPhoneSimulator.Build.0 = Release|Any CPU
		{BE5E7E2E-D6B8-4C22-980F-E4349AF5EC8C}.Release|x64.ActiveCfg = Release|Any CPU
		{BE5E7E2E-D6B8-4C22-980F-E4349AF5EC8C}.Release|x64.Build.0 = Release|Any CPU
		{BE5E7E2E-D6B8-4C22-980F-E4349AF5EC8C}.Release|x86.ActiveCfg = Release|Any CPU
		{BE5E7E2E-D6B8-4C22-980F-E4349AF5EC8C}.Release|x86.Build.0 = Release|Any CPU
	EndGlobalSection
	GlobalSection(SolutionProperties) = preSolution
		HideSolutionNode = FALSE
	EndGlobalSection
	GlobalSection(ExtensibilityGlobals) = postSolution
		SolutionGuid = {8E01ECE5-530C-4D04-B12C-A234DD6DA3FF}
	EndGlobalSection
EndGlobal
